
Microsoft Visual Studio Solution File, Format Version 12.00
# Visual Studio Version 17
VisualStudioVersion = 17.7.34221.43
MinimumVisualStudioVersion = 10.0.40219.1
Project("{FAE04EC0-301F-11D3-BF4B-00C04F79EFBC}") = "MyWebAppBhavana", "MyWebAppBhavana\MyWebAppBhavana.csproj", "{9C1FE87C-A0F2-4FCA-90B1-DAFD8B83D30C}"
EndProject
Global
	GlobalSection(SolutionConfigurationPlatforms) = preSolution
		Debug|Any CPU = Debug|Any CPU
		Release|Any CPU = Release|Any CPU
	EndGlobalSection
	GlobalSection(ProjectConfigurationPlatforms) = postSolution
		{9C1FE87C-A0F2-4FCA-90B1-DAFD8B83D30C}.Debug|Any CPU.ActiveCfg = Debug|Any CPU
		{9C1FE87C-A0F2-4FCA-90B1-DAFD8B83D30C}.Debug|Any CPU.Build.0 = Debug|Any CPU
		{9C1FE87C-A0F2-4FCA-90B1-DAFD8B83D30C}.Release|Any CPU.ActiveCfg = Release|Any CPU
		{9C1FE87C-A0F2-4FCA-90B1-DAFD8B83D30C}.Release|Any CPU.Build.0 = Release|Any CPU
	EndGlobalSection
	GlobalSection(SolutionProperties) = preSolution
		HideSolutionNode = FALSE
	EndGlobalSection
	GlobalSection(ExtensibilityGlobals) = postSolution
		SolutionGuid = {24DE9353-F16E-4B3D-8F31-04E8E94FB95C}
	EndGlobalSection
EndGlobal
